<?xml version="1.0" encoding="utf-8"?>
<Project ToolsVersion="4.0" xmlns="http://schemas.microsoft.com/developer/msbuild/2003">
  <ItemGroup>
    <Filter Include="Source Files">
      <UniqueIdentifier>{4FC737F1-C7A5-4376-A066-2A32D752A2FF}</UniqueIdentifier>
      <Extensions>cpp;c;cc;cxx;def;odl;idl;hpj;bat;asm;asmx</Extensions>
    </Filter>
    <Filter Include="Header Files">
      <UniqueIdentifier>{93995380-89BD-4b04-88EB-625FBE52EBFB}</UniqueIdentifier>
      <Extensions>h;hpp;hxx;hm;inl;inc;xsd</Extensions>
    </Filter>
    <Filter Include="Resource Files">
      <UniqueIdentifier>{67DA6AB6-F800-4c08-8B7A-83BB121AAD01}</UniqueIdentifier>
      <Extensions>rc;ico;cur;bmp;dlg;rc2;rct;bin;rgs;gif;jpg;jpeg;jpe;resx;tiff;tif;png;wav;mfcribbon-ms</Extensions>
    </Filter>
    <Filter Include="Header Files\EngineState">
      <UniqueIdentifier>{7a8d86fd-7d70-44d3-8274-59cc36006e98}</UniqueIdentifier>
    </Filter>
    <Filter Include="Source Files\EngineState">
      <UniqueIdentifier>{ec2d748c-faeb-43fe-aca9-52ba115f40e7}</UniqueIdentifier>
    </Filter>
    <Filter Include="Header Files\MapType">
      <UniqueIdentifier>{4dbd62e9-0b49-4856-93a5-61302b2764bd}</UniqueIdentifier>
    </Filter>
    <Filter Include="Source Files\MapType">
      <UniqueIdentifier>{0f1a1b3d-ff2d-4d2f-9a28-0a9ef60a9750}</UniqueIdentifier>
    </Filter>
    <Filter Include="Header Files\Item">
      <UniqueIdentifier>{68f3ebdd-6757-4f3e-98b4-7b7db04c2ac6}</UniqueIdentifier>
    </Filter>
    <Filter Include="Source Files\Item">
      <UniqueIdentifier>{0dbf1572-60f3-423b-bbac-04466a84ece4}</UniqueIdentifier>
    </Filter>
  </ItemGroup>
  <ItemGroup>
    <Text Include="ReadMe.txt" />
  </ItemGroup>
  <ItemGroup>
    <ClInclude Include="stdafx.h">
      <Filter>Header Files</Filter>
    </ClInclude>
    <ClInclude Include="targetver.h">
      <Filter>Header Files</Filter>
    </ClInclude>
    <ClInclude Include="Map.h">
      <Filter>Header Files</Filter>
    </ClInclude>
    <ClInclude Include="Engine.h">
      <Filter>Header Files</Filter>
    </ClInclude>
    <ClInclude Include="Player.h">
      <Filter>Header Files</Filter>
    </ClInclude>
    <ClInclude Include="InputManager.h">
      <Filter>Header Files</Filter>
    </ClInclude>
    <ClInclude Include="main.h">
      <Filter>Header Files</Filter>
    </ClInclude>
    <ClInclude Include="Dungeon.h">
      <Filter>Header Files</Filter>
    </ClInclude>
    <ClInclude Include="MapGenerator.h">
      <Filter>Header Files</Filter>
    </ClInclude>
    <ClInclude Include="Hero.h">
      <Filter>Header Files</Filter>
    </ClInclude>
    <ClInclude Include="EngineState.h">
      <Filter>Header Files\EngineState</Filter>
    </ClInclude>
    <ClInclude Include="HeroWalkState.h">
      <Filter>Header Files\EngineState</Filter>
    </ClInclude>
    <ClInclude Include="MapType.h">
      <Filter>Header Files\MapType</Filter>
    </ClInclude>
    <ClInclude Include="Corridor.h">
      <Filter>Header Files\MapType</Filter>
    </ClInclude>
    <ClInclude Include="Room.h">
      <Filter>Header Files\MapType</Filter>
    </ClInclude>
    <ClInclude Include="Unused.h">
      <Filter>Header Files\MapType</Filter>
    </ClInclude>
    <ClInclude Include="Stairs.h">
      <Filter>Header Files\MapType</Filter>
    </ClInclude>
    <ClInclude Include="MapDrawState.h">
      <Filter>Header Files\EngineState</Filter>
    </ClInclude>
    <ClInclude Include="Item.h">
      <Filter>Header Files\Item</Filter>
    </ClInclude>
    <ClInclude Include="RoomViewState.h">
      <Filter>Header Files\EngineState</Filter>
    </ClInclude>
    <ClInclude Include="MagicHealthPotion.h">
      <Filter>Header Files\Item</Filter>
    </ClInclude>
    <ClInclude Include="CupOfTea.h">
      <Filter>Header Files\Item</Filter>
    </ClInclude>
    <ClInclude Include="InventoryViewState.h">
      <Filter>Header Files\EngineState</Filter>
    </ClInclude>
  </ItemGroup>
  <ItemGroup>
    <ClCompile Include="stdafx.cpp">
      <Filter>Source Files</Filter>
    </ClCompile>
    <ClCompile Include="OrcsAndGoblins.cpp">
      <Filter>Source Files</Filter>
    </ClCompile>
    <ClCompile Include="Map.cpp">
      <Filter>Source Files</Filter>
    </ClCompile>
    <ClCompile Include="Engine.cpp">
      <Filter>Source Files</Filter>
    </ClCompile>
    <ClCompile Include="Player.cpp">
      <Filter>Source Files</Filter>
    </ClCompile>
    <ClCompile Include="InputManager.cpp">
      <Filter>Source Files</Filter>
    </ClCompile>
    <ClCompile Include="main.cpp">
      <Filter>Source Files</Filter>
    </ClCompile>
    <ClCompile Include="Dungeon.cpp">
      <Filter>Source Files</Filter>
    </ClCompile>
    <ClCompile Include="MapGenerator.cpp">
      <Filter>Source Files</Filter>
    </ClCompile>
    <ClCompile Include="Hero.cpp">
      <Filter>Source Files</Filter>
    </ClCompile>
    <ClCompile Include="HeroWalkState.cpp">
      <Filter>Source Files\EngineState</Filter>
    </ClCompile>
    <ClCompile Include="MapType.cpp">
      <Filter>Source Files\MapType</Filter>
    </ClCompile>
    <ClCompile Include="Corridor.cpp">
      <Filter>Source Files\MapType</Filter>
    </ClCompile>
    <ClCompile Include="Unused.cpp">
      <Filter>Source Files\MapType</Filter>
    </ClCompile>
    <ClCompile Include="Room.cpp">
      <Filter>Source Files\MapType</Filter>
    </ClCompile>
    <ClCompile Include="Stairs.cpp">
      <Filter>Source Files\MapType</Filter>
    </ClCompile>
    <ClCompile Include="MapDrawState.cpp">
      <Filter>Source Files\EngineState</Filter>
    </ClCompile>
    <ClCompile Include="RoomViewState.cpp">
      <Filter>Source Files\EngineState</Filter>
    </ClCompile>
    <ClCompile Include="MagicHealthPotion.cpp">
      <Filter>Source Files\Item</Filter>
    </ClCompile>
    <ClCompile Include="CupOfTea.cpp">
      <Filter>Source Files\Item</Filter>
    </ClCompile>
    <ClCompile Include="InventoryViewState.cpp">
      <Filter>Source Files\EngineState</Filter>
    </ClCompile>
  </ItemGroup>
</Project>